{
    "_readme": [
        "This file locks the dependencies of your project to a known state",
        "Read more about it at https://getcomposer.org/doc/01-basic-usage.md#installing-dependencies",
        "This file is @generated automatically"
    ],
    "content-hash": "843d020a6054cf9de48110261de90279",
    "packages": [
        {
            "name": "danielgp/io-operations",
            "version": "1.1.5",
            "source": {
                "type": "git",
                "url": "https://github.com/danielgp/io-operations.git",
                "reference": "50125ab88cc82b5c0c7301544c866fc5920d9b82"
            },
            "dist": {
                "type": "zip",
                "url": "https://api.github.com/repos/danielgp/io-operations/zipball/50125ab88cc82b5c0c7301544c866fc5920d9b82",
                "reference": "50125ab88cc82b5c0c7301544c866fc5920d9b82",
                "shasum": ""
            },
            "require": {
                "ext-json": "*",
                "php": "^5.4 || ^5.5 || ^5.6 || ^7.0 || ^7.1 || ^7.2 || ^7.3 || ^7.4 || ^8.0 || ^8.1"
            },
            "type": "library",
            "autoload": {
                "classmap": [
                    "source/InputOutputArrays.php",
                    "source/InputOutputCurl.php",
                    "source/InputOutputDatabases.php",
                    "source/InputOutputFilePermissions.php",
                    "source/InputOutputFiles.php",
                    "source/InputOutputMemory.php",
                    "source/InputOutputOperations.php",
                    "source/InputOutputQueries.php",
                    "source/InputOutputStrings.php",
                    "source/InputOutputTiming.php"
                ]
            },
            "notification-url": "https://packagist.org/downloads/",
            "license": [
                "MIT"
            ],
            "authors": [
                {
                    "name": "Daniel Popiniuc",
                    "email": "danielpopiniuc@gmail.com",
                    "role": "Developer"
                }
            ],
            "description": "to support various Input/Output operations",
            "support": {
                "issues": "https://github.com/danielgp/io-operations/issues",
                "source": "https://github.com/danielgp/io-operations/tree/1.1.5"
            },
            "time": "2022-12-04T19:24:09+00:00"
        },
        {
            "name": "fortawesome/font-awesome",
            "version": "6.2.1",
            "source": {
                "type": "git",
                "url": "https://github.com/FortAwesome/Font-Awesome.git",
                "reference": "96cafbd73ec4339b8c73c36673ce1518db82cc5c"
            },
            "dist": {
                "type": "zip",
                "url": "https://api.github.com/repos/FortAwesome/Font-Awesome/zipball/96cafbd73ec4339b8c73c36673ce1518db82cc5c",
                "reference": "96cafbd73ec4339b8c73c36673ce1518db82cc5c",
                "shasum": ""
            },
            "type": "library",
            "notification-url": "https://packagist.org/downloads/",
            "license": [
                "CC-BY-4.0",
                "OFL-1.1",
                "MIT"
            ],
            "authors": [
                {
                    "name": "The Font Awesome Team",
                    "homepage": "https://github.com/orgs/FortAwesome/people"
                }
            ],
            "description": "The iconic font, CSS, and SVG framework",
            "homepage": "https://fontawesome.com",
            "keywords": [
                "FontAwesome",
                "awesome",
                "bootstrap",
                "font",
                "icon",
                "svg"
            ],
            "support": {
                "docs": "http://fontawesome.com/docs",
                "email": "hello@fontawesome.com",
                "issues": "https://github.com/FortAwesome/Font-Awesome/issues",
                "source": "https://github.com/FortAwesome/Font-Awesome"
            },
            "time": "2022-11-15T18:34:54+00:00"
        },
        {
            "name": "phpunit/php-timer",
            "version": "5.0.3",
            "source": {
                "type": "git",
                "url": "https://github.com/sebastianbergmann/php-timer.git",
                "reference": "5a63ce20ed1b5bf577850e2c4e87f4aa902afbd2"
            },
            "dist": {
                "type": "zip",
                "url": "https://api.github.com/repos/sebastianbergmann/php-timer/zipball/5a63ce20ed1b5bf577850e2c4e87f4aa902afbd2",
                "reference": "5a63ce20ed1b5bf577850e2c4e87f4aa902afbd2",
                "shasum": ""
            },
            "require": {
                "php": ">=7.3"
            },
            "require-dev": {
                "phpunit/phpunit": "^9.3"
            },
            "type": "library",
            "extra": {
                "branch-alias": {
                    "dev-master": "5.0-dev"
                }
            },
            "autoload": {
                "classmap": [
                    "src/"
                ]
            },
            "notification-url": "https://packagist.org/downloads/",
            "license": [
                "BSD-3-Clause"
            ],
            "authors": [
                {
                    "name": "Sebastian Bergmann",
                    "email": "sebastian@phpunit.de",
                    "role": "lead"
                }
            ],
            "description": "Utility class for timing",
            "homepage": "https://github.com/sebastianbergmann/php-timer/",
            "keywords": [
                "timer"
            ],
            "support": {
                "issues": "https://github.com/sebastianbergmann/php-timer/issues",
                "source": "https://github.com/sebastianbergmann/php-timer/tree/5.0.3"
            },
            "funding": [
                {
                    "url": "https://github.com/sebastianbergmann",
                    "type": "github"
                }
            ],
            "time": "2020-10-26T13:16:10+00:00"
        },
        {
            "name": "twbs/bootstrap",
            "version": "v5.2.3",
            "source": {
                "type": "git",
                "url": "https://github.com/twbs/bootstrap.git",
                "reference": "cb021439c683d9805e2864c58095b92d405e9b11"
            },
            "dist": {
                "type": "zip",
                "url": "https://api.github.com/repos/twbs/bootstrap/zipball/cb021439c683d9805e2864c58095b92d405e9b11",
                "reference": "cb021439c683d9805e2864c58095b92d405e9b11",
                "shasum": ""
            },
            "replace": {
                "twitter/bootstrap": "self.version"
            },
            "type": "library",
            "notification-url": "https://packagist.org/downloads/",
            "license": [
                "MIT"
            ],
            "authors": [
                {
                    "name": "Mark Otto",
                    "email": "markdotto@gmail.com"
                },
                {
                    "name": "Jacob Thornton",
                    "email": "jacobthornton@gmail.com"
                }
            ],
            "description": "The most popular front-end framework for developing responsive, mobile first projects on the web.",
            "homepage": "https://getbootstrap.com/",
            "keywords": [
                "JS",
                "css",
                "framework",
                "front-end",
                "mobile-first",
                "responsive",
                "sass",
                "web"
            ],
            "support": {
                "issues": "https://github.com/twbs/bootstrap/issues",
                "source": "https://github.com/twbs/bootstrap/tree/v5.2.3"
            },
            "time": "2022-11-21T18:19:01+00:00"
        }
    ],
    "packages-dev": [],
    "aliases": [],
    "minimum-stability": "stable",
    "stability-flags": [],
    "prefer-stable": true,
    "prefer-lowest": false,
    "platform": {
        "php": ">=8.1"
    },
    "platform-dev": [],
    "plugin-api-version": "2.3.0"
}
