{
    "_readme": [
        "This file locks the dependencies of your project to a known state",
        "Read more about it at https://getcomposer.org/doc/01-basic-usage.md#installing-dependencies",
        "This file is @generated automatically"
    ],
    "content-hash": "fa13f31001dd07244e3e7d4cbd60c80e",
    "packages": [
        {
            "name": "danielgp/io-operations",
            "version": "1.1.4",
            "source": {
                "type": "git",
                "url": "https://github.com/danielgp/io-operations.git",
                "reference": "aa27882f1ec2881174d4ba56716d52fa0219a732"
            },
            "dist": {
                "type": "zip",
                "url": "https://api.github.com/repos/danielgp/io-operations/zipball/aa27882f1ec2881174d4ba56716d52fa0219a732",
                "reference": "aa27882f1ec2881174d4ba56716d52fa0219a732",
                "shasum": ""
            },
            "require": {
                "ext-json": "*",
                "php": "^5.4 || ^5.5 || ^5.6 || ^7.0 || ^7.1 || ^7.2 || ^7.3 || ^7.4 || ^8.0 || ^8.1"
            },
            "type": "library",
            "autoload": {
                "classmap": [
                    "source/InputOutputArrays.php",
                    "source/InputOutputCurl.php",
                    "source/InputOutputDatabases.php",
                    "source/InputOutputFilePermissions.php",
                    "source/InputOutputFiles.php",
                    "source/InputOutputMemory.php",
                    "source/InputOutputOperations.php",
                    "source/InputOutputStrings.php",
                    "source/InputOutputTiming.php"
                ]
            },
            "notification-url": "https://packagist.org/downloads/",
            "license": [
                "MIT"
            ],
            "authors": [
                {
                    "name": "Daniel Popiniuc",
                    "email": "danielpopiniuc@gmail.com",
                    "role": "Developer"
                }
            ],
            "description": "to support various Input/Output operations",
            "support": {
                "issues": "https://github.com/danielgp/io-operations/issues",
                "source": "https://github.com/danielgp/io-operations/tree/1.1.4"
            },
            "time": "2022-10-15T20:09:18+00:00"
        },
        {
            "name": "danielgp/network-components",
            "version": "1.4.4",
            "source": {
                "type": "git",
                "url": "https://github.com/danielgp/network-components.git",
                "reference": "4014661c905a71e132edb5f5a7b800e05c00fec2"
            },
            "dist": {
                "type": "zip",
                "url": "https://api.github.com/repos/danielgp/network-components/zipball/4014661c905a71e132edb5f5a7b800e05c00fec2",
                "reference": "4014661c905a71e132edb5f5a7b800e05c00fec2",
                "shasum": ""
            },
            "require": {
                "php": "^7.2 || ^7.3 || ^7.4 || ^8.0 || ^8.1",
                "symfony/http-foundation": ">=5.4"
            },
            "require-dev": {
                "phpunit/phpunit": "^9.5"
            },
            "type": "library",
            "autoload": {
                "classmap": [
                    "source/NetworkComponentsByDanielGP.php"
                ]
            },
            "notification-url": "https://packagist.org/downloads/",
            "license": [
                "MIT"
            ],
            "authors": [
                {
                    "name": "Daniel Popiniuc",
                    "email": "danielpopiniuc@gmail.com",
                    "role": "Developer"
                }
            ],
            "description": "Common functions to be used where needed",
            "support": {
                "issues": "https://github.com/danielgp/network-components/issues",
                "source": "https://github.com/danielgp/network-components/tree/1.4.4"
            },
            "time": "2022-01-20T17:35:56+00:00"
        },
        {
            "name": "fortawesome/font-awesome",
            "version": "6.2.1",
            "source": {
                "type": "git",
                "url": "https://github.com/FortAwesome/Font-Awesome.git",
                "reference": "96cafbd73ec4339b8c73c36673ce1518db82cc5c"
            },
            "dist": {
                "type": "zip",
                "url": "https://api.github.com/repos/FortAwesome/Font-Awesome/zipball/96cafbd73ec4339b8c73c36673ce1518db82cc5c",
                "reference": "96cafbd73ec4339b8c73c36673ce1518db82cc5c",
                "shasum": ""
            },
            "type": "library",
            "notification-url": "https://packagist.org/downloads/",
            "license": [
                "CC-BY-4.0",
                "OFL-1.1",
                "MIT"
            ],
            "authors": [
                {
                    "name": "The Font Awesome Team",
                    "homepage": "https://github.com/orgs/FortAwesome/people"
                }
            ],
            "description": "The iconic font, CSS, and SVG framework",
            "homepage": "https://fontawesome.com",
            "keywords": [
                "FontAwesome",
                "awesome",
                "bootstrap",
                "font",
                "icon",
                "svg"
            ],
            "support": {
                "docs": "http://fontawesome.com/docs",
                "email": "hello@fontawesome.com",
                "issues": "https://github.com/FortAwesome/Font-Awesome/issues",
                "source": "https://github.com/FortAwesome/Font-Awesome"
            },
            "time": "2022-11-15T18:34:54+00:00"
        },
        {
            "name": "phpunit/php-timer",
            "version": "5.0.3",
            "source": {
                "type": "git",
                "url": "https://github.com/sebastianbergmann/php-timer.git",
                "reference": "5a63ce20ed1b5bf577850e2c4e87f4aa902afbd2"
            },
            "dist": {
                "type": "zip",
                "url": "https://api.github.com/repos/sebastianbergmann/php-timer/zipball/5a63ce20ed1b5bf577850e2c4e87f4aa902afbd2",
                "reference": "5a63ce20ed1b5bf577850e2c4e87f4aa902afbd2",
                "shasum": ""
            },
            "require": {
                "php": ">=7.3"
            },
            "require-dev": {
                "phpunit/phpunit": "^9.3"
            },
            "type": "library",
            "extra": {
                "branch-alias": {
                    "dev-master": "5.0-dev"
                }
            },
            "autoload": {
                "classmap": [
                    "src/"
                ]
            },
            "notification-url": "https://packagist.org/downloads/",
            "license": [
                "BSD-3-Clause"
            ],
            "authors": [
                {
                    "name": "Sebastian Bergmann",
                    "email": "sebastian@phpunit.de",
                    "role": "lead"
                }
            ],
            "description": "Utility class for timing",
            "homepage": "https://github.com/sebastianbergmann/php-timer/",
            "keywords": [
                "timer"
            ],
            "support": {
                "issues": "https://github.com/sebastianbergmann/php-timer/issues",
                "source": "https://github.com/sebastianbergmann/php-timer/tree/5.0.3"
            },
            "funding": [
                {
                    "url": "https://github.com/sebastianbergmann",
                    "type": "github"
                }
            ],
            "time": "2020-10-26T13:16:10+00:00"
        },
        {
            "name": "symfony/deprecation-contracts",
            "version": "v3.1.1",
            "source": {
                "type": "git",
                "url": "https://github.com/symfony/deprecation-contracts.git",
                "reference": "07f1b9cc2ffee6aaafcf4b710fbc38ff736bd918"
            },
            "dist": {
                "type": "zip",
                "url": "https://api.github.com/repos/symfony/deprecation-contracts/zipball/07f1b9cc2ffee6aaafcf4b710fbc38ff736bd918",
                "reference": "07f1b9cc2ffee6aaafcf4b710fbc38ff736bd918",
                "shasum": ""
            },
            "require": {
                "php": ">=8.1"
            },
            "type": "library",
            "extra": {
                "branch-alias": {
                    "dev-main": "3.1-dev"
                },
                "thanks": {
                    "name": "symfony/contracts",
                    "url": "https://github.com/symfony/contracts"
                }
            },
            "autoload": {
                "files": [
                    "function.php"
                ]
            },
            "notification-url": "https://packagist.org/downloads/",
            "license": [
                "MIT"
            ],
            "authors": [
                {
                    "name": "Nicolas Grekas",
                    "email": "p@tchwork.com"
                },
                {
                    "name": "Symfony Community",
                    "homepage": "https://symfony.com/contributors"
                }
            ],
            "description": "A generic function and convention to trigger deprecation notices",
            "homepage": "https://symfony.com",
            "support": {
                "source": "https://github.com/symfony/deprecation-contracts/tree/v3.1.1"
            },
            "funding": [
                {
                    "url": "https://symfony.com/sponsor",
                    "type": "custom"
                },
                {
                    "url": "https://github.com/fabpot",
                    "type": "github"
                },
                {
                    "url": "https://tidelift.com/funding/github/packagist/symfony/symfony",
                    "type": "tidelift"
                }
            ],
            "time": "2022-02-25T11:15:52+00:00"
        },
        {
            "name": "symfony/http-foundation",
            "version": "v6.2.0",
            "source": {
                "type": "git",
                "url": "https://github.com/symfony/http-foundation.git",
                "reference": "edc56ed49a2955383d59e9b7043fd3bbc26f1854"
            },
            "dist": {
                "type": "zip",
                "url": "https://api.github.com/repos/symfony/http-foundation/zipball/edc56ed49a2955383d59e9b7043fd3bbc26f1854",
                "reference": "edc56ed49a2955383d59e9b7043fd3bbc26f1854",
                "shasum": ""
            },
            "require": {
                "php": ">=8.1",
                "symfony/deprecation-contracts": "^2.1|^3",
                "symfony/polyfill-mbstring": "~1.1"
            },
            "conflict": {
                "symfony/cache": "<6.2"
            },
            "require-dev": {
                "predis/predis": "~1.0",
                "symfony/cache": "^5.4|^6.0",
                "symfony/dependency-injection": "^5.4|^6.0",
                "symfony/expression-language": "^5.4|^6.0",
                "symfony/http-kernel": "^5.4.12|^6.0.12|^6.1.4",
                "symfony/mime": "^5.4|^6.0",
                "symfony/rate-limiter": "^5.2|^6.0"
            },
            "suggest": {
                "symfony/mime": "To use the file extension guesser"
            },
            "type": "library",
            "autoload": {
                "psr-4": {
                    "Symfony\\Component\\HttpFoundation\\": ""
                },
                "exclude-from-classmap": [
                    "/Tests/"
                ]
            },
            "notification-url": "https://packagist.org/downloads/",
            "license": [
                "MIT"
            ],
            "authors": [
                {
                    "name": "Fabien Potencier",
                    "email": "fabien@symfony.com"
                },
                {
                    "name": "Symfony Community",
                    "homepage": "https://symfony.com/contributors"
                }
            ],
            "description": "Defines an object-oriented layer for the HTTP specification",
            "homepage": "https://symfony.com",
            "support": {
                "source": "https://github.com/symfony/http-foundation/tree/v6.2.0"
            },
            "funding": [
                {
                    "url": "https://symfony.com/sponsor",
                    "type": "custom"
                },
                {
                    "url": "https://github.com/fabpot",
                    "type": "github"
                },
                {
                    "url": "https://tidelift.com/funding/github/packagist/symfony/symfony",
                    "type": "tidelift"
                }
            ],
            "time": "2022-11-21T16:03:04+00:00"
        },
        {
            "name": "symfony/polyfill-mbstring",
            "version": "v1.27.0",
            "source": {
                "type": "git",
                "url": "https://github.com/symfony/polyfill-mbstring.git",
                "reference": "8ad114f6b39e2c98a8b0e3bd907732c207c2b534"
            },
            "dist": {
                "type": "zip",
                "url": "https://api.github.com/repos/symfony/polyfill-mbstring/zipball/8ad114f6b39e2c98a8b0e3bd907732c207c2b534",
                "reference": "8ad114f6b39e2c98a8b0e3bd907732c207c2b534",
                "shasum": ""
            },
            "require": {
                "php": ">=7.1"
            },
            "provide": {
                "ext-mbstring": "*"
            },
            "suggest": {
                "ext-mbstring": "For best performance"
            },
            "type": "library",
            "extra": {
                "branch-alias": {
                    "dev-main": "1.27-dev"
                },
                "thanks": {
                    "name": "symfony/polyfill",
                    "url": "https://github.com/symfony/polyfill"
                }
            },
            "autoload": {
                "files": [
                    "bootstrap.php"
                ],
                "psr-4": {
                    "Symfony\\Polyfill\\Mbstring\\": ""
                }
            },
            "notification-url": "https://packagist.org/downloads/",
            "license": [
                "MIT"
            ],
            "authors": [
                {
                    "name": "Nicolas Grekas",
                    "email": "p@tchwork.com"
                },
                {
                    "name": "Symfony Community",
                    "homepage": "https://symfony.com/contributors"
                }
            ],
            "description": "Symfony polyfill for the Mbstring extension",
            "homepage": "https://symfony.com",
            "keywords": [
                "compatibility",
                "mbstring",
                "polyfill",
                "portable",
                "shim"
            ],
            "support": {
                "source": "https://github.com/symfony/polyfill-mbstring/tree/v1.27.0"
            },
            "funding": [
                {
                    "url": "https://symfony.com/sponsor",
                    "type": "custom"
                },
                {
                    "url": "https://github.com/fabpot",
                    "type": "github"
                },
                {
                    "url": "https://tidelift.com/funding/github/packagist/symfony/symfony",
                    "type": "tidelift"
                }
            ],
            "time": "2022-11-03T14:55:06+00:00"
        },
        {
            "name": "twbs/bootstrap",
            "version": "v5.2.3",
            "source": {
                "type": "git",
                "url": "https://github.com/twbs/bootstrap.git",
                "reference": "cb021439c683d9805e2864c58095b92d405e9b11"
            },
            "dist": {
                "type": "zip",
                "url": "https://api.github.com/repos/twbs/bootstrap/zipball/cb021439c683d9805e2864c58095b92d405e9b11",
                "reference": "cb021439c683d9805e2864c58095b92d405e9b11",
                "shasum": ""
            },
            "replace": {
                "twitter/bootstrap": "self.version"
            },
            "type": "library",
            "notification-url": "https://packagist.org/downloads/",
            "license": [
                "MIT"
            ],
            "authors": [
                {
                    "name": "Mark Otto",
                    "email": "markdotto@gmail.com"
                },
                {
                    "name": "Jacob Thornton",
                    "email": "jacobthornton@gmail.com"
                }
            ],
            "description": "The most popular front-end framework for developing responsive, mobile first projects on the web.",
            "homepage": "https://getbootstrap.com/",
            "keywords": [
                "JS",
                "css",
                "framework",
                "front-end",
                "mobile-first",
                "responsive",
                "sass",
                "web"
            ],
            "support": {
                "issues": "https://github.com/twbs/bootstrap/issues",
                "source": "https://github.com/twbs/bootstrap/tree/v5.2.3"
            },
            "time": "2022-11-21T18:19:01+00:00"
        }
    ],
    "packages-dev": [],
    "aliases": [],
    "minimum-stability": "stable",
    "stability-flags": [],
    "prefer-stable": true,
    "prefer-lowest": false,
    "platform": {
        "php": ">=8.1"
    },
    "platform-dev": [],
    "plugin-api-version": "2.3.0"
}
